
Microsoft Visual Studio Solution File, Format Version 12.00
# Visual Studio Version 17
VisualStudioVersion = 17.8.34511.84
MinimumVisualStudioVersion = 10.0.40219.1
Project("{9A19103F-16F7-4668-BE54-9A1E7A4F7556}") = "CRUD.ADO.NET", "CRUD.ADO.NET.csproj", "{6F39CB67-5883-45A3-9A5F-CE68B3DC8EC3}"
EndProject
Project("{FAE04EC0-301F-11D3-BF4B-00C04F79EFBC}") = "ContohAPI", "..\ContohAPI\ContohAPI.csproj", "{7A9DC593-06DC-4C89-A2AD-0191802E5234}"
EndProject
Global
	GlobalSection(SolutionConfigurationPlatforms) = preSolution
		Debug|Any CPU = Debug|Any CPU
		Release|Any CPU = Release|Any CPU
	EndGlobalSection
	GlobalSection(ProjectConfigurationPlatforms) = postSolution
		{6F39CB67-5883-45A3-9A5F-CE68B3DC8EC3}.Debug|Any CPU.ActiveCfg = Debug|Any CPU
		{6F39CB67-5883-45A3-9A5F-CE68B3DC8EC3}.Debug|Any CPU.Build.0 = Debug|Any CPU
		{6F39CB67-5883-45A3-9A5F-CE68B3DC8EC3}.Release|Any CPU.ActiveCfg = Release|Any CPU
		{6F39CB67-5883-45A3-9A5F-CE68B3DC8EC3}.Release|Any CPU.Build.0 = Release|Any CPU
		{7A9DC593-06DC-4C89-A2AD-0191802E5234}.Debug|Any CPU.ActiveCfg = Debug|Any CPU
		{7A9DC593-06DC-4C89-A2AD-0191802E5234}.Debug|Any CPU.Build.0 = Debug|Any CPU
		{7A9DC593-06DC-4C89-A2AD-0191802E5234}.Release|Any CPU.ActiveCfg = Release|Any CPU
		{7A9DC593-06DC-4C89-A2AD-0191802E5234}.Release|Any CPU.Build.0 = Release|Any CPU
	EndGlobalSection
	GlobalSection(SolutionProperties) = preSolution
		HideSolutionNode = FALSE
	EndGlobalSection
	GlobalSection(ExtensibilityGlobals) = postSolution
		SolutionGuid = {CF293914-FA84-4B9C-9A65-7C23283B86CF}
	EndGlobalSection
EndGlobal
